// !$*UTF8*$!
{
	archiveVersion = 1;
	classes = {
	};
	objectVersion = 46;
	objects = {

/* Begin PBXBuildFile section */
		DE569D2C1D09CB6700E3504B /* AppDelegate.swift in Sources */ = {isa = PBXBuildFile; fileRef = DE569D2B1D09CB6700E3504B /* AppDelegate.swift */; };
		DE569D2E1D09CB6700E3504B /* ViewController.swift in Sources */ = {isa = PBXBuildFile; fileRef = DE569D2D1D09CB6700E3504B /* ViewController.swift */; };
		DE569D311D09CB6700E3504B /* Main.storyboard in Resources */ = {isa = PBXBuildFile; fileRef = DE569D2F1D09CB6700E3504B /* Main.storyboard */; };
		DE569D341D09CB6700E3504B /* SwapiConsumer.xcdatamodeld in Sources */ = {isa = PBXBuildFile; fileRef = DE569D321D09CB6700E3504B /* SwapiConsumer.xcdatamodeld */; };
		DE569D361D09CB6700E3504B /* Assets.xcassets in Resources */ = {isa = PBXBuildFile; fileRef = DE569D351D09CB6700E3504B /* Assets.xcassets */; };
		DE569D391D09CB6700E3504B /* LaunchScreen.storyboard in Resources */ = {isa = PBXBuildFile; fileRef = DE569D371D09CB6700E3504B /* LaunchScreen.storyboard */; };
/* End PBXBuildFile section */

/* Begin PBXFileReference section */
		DE569D281D09CB6700E3504B /* SwapiConsumer.app */ = {isa = PBXFileReference; explicitFileType = wrapper.application; includeInIndex = 0; path = SwapiConsumer.app; sourceTree = BUILT_PRODUCTS_DIR; };
		DE569D2B1D09CB6700E3504B /* AppDelegate.swift */ = {isa = PBXFileReference; lastKnownFileType = sourcecode.swift; path = AppDelegate.swift; sourceTree = "<group>"; };
		DE569D2D1D09CB6700E3504B /* ViewController.swift */ = {isa = PBXFileReference; lastKnownFileType = sourcecode.swift; path = ViewController.swift; sourceTree = "<group>"; };
		DE569D301D09CB6700E3504B /* Base */ = {isa = PBXFileReference; lastKnownFileType = file.storyboard; name = Base; path = Base.lproj/Main.storyboard; sourceTree = "<group>"; };
		DE569D331D09CB6700E3504B /* SwapiConsumer.xcdatamodel */ = {isa = PBXFileReference; lastKnownFileType = wrapper.xcdatamodel; path = SwapiConsumer.xcdatamodel; sourceTree = "<group>"; };
		DE569D351D09CB6700E3504B /* Assets.xcassets */ = {isa = PBXFileReference; lastKnownFileType = folder.assetcatalog; path = Assets.xcassets; sourceTree = "<group>"; };
		DE569D381D09CB6700E3504B /* Base */ = {isa = PBXFileReference; lastKnownFileType = file.storyboard; name = Base; path = Base.lproj/LaunchScreen.storyboard; sourceTree = "<group>"; };
		DE569D3A1D09CB6700E3504B /* Info.plist */ = {isa = PBXFileReference; lastKnownFileType = text.plist.xml; path = Info.plist; sourceTree = "<group>"; };
/* End PBXFileReference section */

/* Begin PBXFrameworksBuildPhase section */
		DE569D251D09CB6700E3504B /* Frameworks */ = {
			isa = PBXFrameworksBuildPhase;
			buildActionMask = 2147483647;
			files = (
			);
			runOnlyForDeploymentPostprocessing = 0;
		};
/* End PBXFrameworksBuildPhase section */

/* Begin PBXGroup section */
		DE569D1F1D09CB6700E3504B = {
			isa = PBXGroup;
			children = (
				DE569D2A1D09CB6700E3504B /* SwapiConsumer */,
				DE569D291D09CB6700E3504B /* Products */,
			);
			sourceTree = "<group>";
		};
		DE569D291D09CB6700E3504B /* Products */ = {
			isa = PBXGroup;
			children = (
				DE569D281D09CB6700E3504B /* SwapiConsumer.app */,
			);
			name = Products;
			sourceTree = "<group>";
		};
		DE569D2A1D09CB6700E3504B /* SwapiConsumer */ = {
			isa = PBXGroup;
			children = (
				DE569D2B1D09CB6700E3504B /* AppDelegate.swift */,
				DE569D2D1D09CB6700E3504B /* ViewController.swift */,
				DE569D2F1D09CB6700E3504B /* Main.storyboard */,
				DE569D351D09CB6700E3504B /* Assets.xcassets */,
				DE569D371D09CB6700E3504B /* LaunchScreen.storyboard */,
				DE569D3A1D09CB6700E3504B /* Info.plist */,
				DE569D321D09CB6700E3504B /* SwapiConsumer.xcdatamodeld */,
			);
			path = SwapiConsumer;
			sourceTree = "<group>";
		};
/* End PBXGroup section */

/* Begin PBXNativeTarget section */
		DE569D271D09CB6700E3504B /* SwapiConsumer */ = {
			isa = PBXNativeTarget;
			buildConfigurationList = DE569D3D1D09CB6700E3504B /* Build configuration list for PBXNativeTarget "SwapiConsumer" */;
			buildPhases = (
				DE569D241D09CB6700E3504B /* Sources */,
				DE569D251D09CB6700E3504B /* Frameworks */,
				DE569D261D09CB6700E3504B /* Resources */,
			);
			buildRules = (
			);
			dependencies = (
			);
			name = SwapiConsumer;
			productName = SwapiConsumer;
			productReference = DE569D281D09CB6700E3504B /* SwapiConsumer.app */;
			productType = "com.apple.product-type.application";
		};
/* End PBXNativeTarget section */

/* Begin PBXProject section */
		DE569D201D09CB6700E3504B /* Project object */ = {
			isa = PBXProject;
			attributes = {
				LastSwiftUpdateCheck = 0730;
				LastUpgradeCheck = 0730;
				ORGANIZATIONNAME = OptiCargo;
				TargetAttributes = {
					DE569D271D09CB6700E3504B = {
						CreatedOnToolsVersion = 7.3.1;
					};
				};
			};
			buildConfigurationList = DE569D231D09CB6700E3504B /* Build configuration list for PBXProject "SwapiConsumer" */;
			compatibilityVersion = "Xcode 3.2";
			developmentRegion = English;
			hasScannedForEncodings = 0;
			knownRegions = (
				en,
				Base,
			);
			mainGroup = DE569D1F1D09CB6700E3504B;
			productRefGroup = DE569D291D09CB6700E3504B /* Products */;
			projectDirPath = "";
			projectRoot = "";
			targets = (
				DE569D271D09CB6700E3504B /* SwapiConsumer */,
			);
		};
/* End PBXProject section */

/* Begin PBXResourcesBuildPhase section */
		DE569D261D09CB6700E3504B /* Resources */ = {
			isa = PBXResourcesBuildPhase;
			buildActionMask = 2147483647;
			files = (
				DE569D391D09CB6700E3504B /* LaunchScreen.storyboard in Resources */,
				DE569D361D09CB6700E3504B /* Assets.xcassets in Resources */,
				DE569D311D09CB6700E3504B /* Main.storyboard in Resources */,
			);
			runOnlyForDeploymentPostprocessing = 0;
		};
/* End PBXResourcesBuildPhase section */

/* Begin PBXSourcesBuildPhase section */
		DE569D241D09CB6700E3504B /* Sources */ = {
			isa = PBXSourcesBuildPhase;
			buildActionMask = 2147483647;
			files = (
				DE569D2E1D09CB6700E3504B /* ViewController.swift in Sources */,
				DE569D2C1D09CB6700E3504B /* AppDelegate.swift in Sources */,
				DE569D341D09CB6700E3504B /* SwapiConsumer.xcdatamodeld in Sources */,
			);
			runOnlyForDeploymentPostprocessing = 0;
		};
/* End PBXSourcesBuildPhase section */

/* Begin PBXVariantGroup section */
		DE569D2F1D09CB6700E3504B /* Main.storyboard */ = {
			isa = PBXVariantGroup;
			children = (
				DE569D301D09CB6700E3504B /* Base */,
			);
			name = Main.storyboard;
			sourceTree = "<group>";
		};
		DE569D371D09CB6700E3504B /* LaunchScreen.storyboard */ = {
			isa = PBXVariantGroup;
			children = (
				DE569D381D09CB6700E3504B /* Base */,
			);
			name = LaunchScreen.storyboard;
			sourceTree = "<group>";
		};
/* End PBXVariantGroup section */

/* Begin XCBuildConfiguration section */
		DE569D3B1D09CB6700E3504B /* Debug */ = {
			isa = XCBuildConfiguration;
			buildSettings = {
				ALWAYS_SEARCH_USER_PATHS = NO;
				CLANG_ANALYZER_NONNULL = YES;
				CLANG_CXX_LANGUAGE_STANDARD = "gnu++0x";
				CLANG_CXX_LIBRARY = "libc++";
				CLANG_ENABLE_MODULES = YES;
				CLANG_ENABLE_OBJC_ARC = YES;
				CLANG_WARN_BOOL_CONVERSION = YES;
				CLANG_WARN_CONSTANT_CONVERSION = YES;
				CLANG_WARN_DIRECT_OBJC_ISA_USAGE = YES_ERROR;
				CLANG_WARN_EMPTY_BODY = YES;
				CLANG_WARN_ENUM_CONVERSION = YES;
				CLANG_WARN_INT_CONVERSION = YES;
				CLANG_WARN_OBJC_ROOT_CLASS = YES_ERROR;
				CLANG_WARN_UNREACHABLE_CODE = YES;
				CLANG_WARN__DUPLICATE_METHOD_MATCH = YES;
				"CODE_SIGN_IDENTITY[sdk=iphoneos*]" = "iPhone Developer";
				COPY_PHASE_STRIP = NO;
				DEBUG_INFORMATION_FORMAT = dwarf;
				ENABLE_STRICT_OBJC_MSGSEND = YES;
				ENABLE_TESTABILITY = YES;
				GCC_C_LANGUAGE_STANDARD = gnu99;
				GCC_DYNAMIC_NO_PIC = NO;
				GCC_NO_COMMON_BLOCKS = YES;
				GCC_OPTIMIZATION_LEVEL = 0;
				GCC_PREPROCESSOR_DEFINITIONS = (
					"DEBUG=1",
					"$(inherited)",
				);
				GCC_WARN_64_TO_32_BIT_CONVERSION = YES;
				GCC_WARN_ABOUT_RETURN_TYPE = YES_ERROR;
				GCC_WARN_UNDECLARED_SELECTOR = YES;
				GCC_WARN_UNINITIALIZED_AUTOS = YES_AGGRESSIVE;
				GCC_WARN_UNUSED_FUNCTION = YES;
				GCC_WARN_UNUSED_VARIABLE = YES;
				IPHONEOS_DEPLOYMENT_TARGET = 9.3;
				MTL_ENABLE_DEBUG_INFO = YES;
				ONLY_ACTIVE_ARCH = YES;
				SDKROOT = iphoneos;
				SWIFT_OPTIMIZATION_LEVEL = "-Onone";
				TARGETED_DEVICE_FAMILY = "1,2";
			};
			name = Debug;
		};
		DE569D3C1D09CB6700E3504B /* Release */ = {
			isa = XCBuildConfiguration;
			buildSettings = {
				ALWAYS_SEARCH_USER_PATHS = NO;
				CLANG_ANALYZER_NONNULL = YES;
				CLANG_CXX_LANGUAGE_STANDARD = "gnu++0x";
				CLANG_CXX_LIBRARY = "libc++";
				CLANG_ENABLE_MODULES = YES;
				CLANG_ENABLE_OBJC_ARC = YES;
				CLANG_WARN_BOOL_CONVERSION = YES;
				CLANG_WARN_CONSTANT_CONVERSION = YES;
				CLANG_WARN_DIRECT_OBJC_ISA_USAGE = YES_ERROR;
				CLANG_WARN_EMPTY_BODY = YES;
				CLANG_WARN_ENUM_CONVERSION = YES;
				CLANG_WARN_INT_CONVERSION = YES;
				CLANG_WARN_OBJC_ROOT_CLASS = YES_ERROR;
				CLANG_WARN_UNREACHABLE_CODE = YES;
				CLANG_WARN__DUPLICATE_METHOD_MATCH = YES;
				"CODE_SIGN_IDENTITY[sdk=iphoneos*]" = "iPhone Developer";
				COPY_PHASE_STRIP = NO;
				DEBUG_INFORMATION_FORMAT = "dwarf-with-dsym";
				ENABLE_NS_ASSERTIONS = NO;
				ENABLE_STRICT_OBJC_MSGSEND = YES;
				GCC_C_LANGUAGE_STANDARD = gnu99;
				GCC_NO_COMMON_BLOCKS = YES;
				GCC_WARN_64_TO_32_BIT_CONVERSION = YES;
				GCC_WARN_ABOUT_RETURN_TYPE = YES_ERROR;
				GCC_WARN_UNDECLARED_SELECTOR = YES;
				GCC_WARN_UNINITIALIZED_AUTOS = YES_AGGRESSIVE;
				GCC_WARN_UNUSED_FUNCTION = YES;
				GCC_WARN_UNUSED_VARIABLE = YES;
				IPHONEOS_DEPLOYMENT_TARGET = 9.3;
				MTL_ENABLE_DEBUG_INFO = NO;
				SDKROOT = iphoneos;
				TARGETED_DEVICE_FAMILY = "1,2";
				VALIDATE_PRODUCT = YES;
			};
			name = Release;
		};
		DE569D3E1D09CB6700E3504B /* Debug */ = {
			isa = XCBuildConfiguration;
			buildSettings = {
				ASSETCATALOG_COMPILER_APPICON_NAME = AppIcon;
				INFOPLIST_FILE = SwapiConsumer/Info.plist;
				LD_RUNPATH_SEARCH_PATHS = "$(inherited) @executable_path/Frameworks";
				PRODUCT_BUNDLE_IDENTIFIER = com.opticargo.ios.SwapiConsumer;
				PRODUCT_NAME = "$(TARGET_NAME)";
			};
			name = Debug;
		};
		DE569D3F1D09CB6700E3504B /* Release */ = {
			isa = XCBuildConfiguration;
			buildSettings = {
				ASSETCATALOG_COMPILER_APPICON_NAME = AppIcon;
				INFOPLIST_FILE = SwapiConsumer/Info.plist;
				LD_RUNPATH_SEARCH_PATHS = "$(inherited) @executable_path/Frameworks";
				PRODUCT_BUNDLE_IDENTIFIER = com.opticargo.ios.SwapiConsumer;
				PRODUCT_NAME = "$(TARGET_NAME)";
			};
			name = Release;
		};
/* End XCBuildConfiguration section */

/* Begin XCConfigurationList section */
		DE569D231D09CB6700E3504B /* Build configuration list for PBXProject "SwapiConsumer" */ = {
			isa = XCConfigurationList;
			buildConfigurations = (
				DE569D3B1D09CB6700E3504B /* Debug */,
				DE569D3C1D09CB6700E3504B /* Release */,
			);
			defaultConfigurationIsVisible = 0;
			defaultConfigurationName = Release;
		};
		DE569D3D1D09CB6700E3504B /* Build configuration list for PBXNativeTarget "SwapiConsumer" */ = {
			isa = XCConfigurationList;
			buildConfigurations = (
				DE569D3E1D09CB6700E3504B /* Debug */,
				DE569D3F1D09CB6700E3504B /* Release */,
			);
			defaultConfigurationIsVisible = 0;
		};
/* End XCConfigurationList section */

/* Begin XCVersionGroup section */
		DE569D321D09CB6700E3504B /* SwapiConsumer.xcdatamodeld */ = {
			isa = XCVersionGroup;
			children = (
				DE569D331D09CB6700E3504B /* SwapiConsumer.xcdatamodel */,
			);
			currentVersion = DE569D331D09CB6700E3504B /* SwapiConsumer.xcdatamodel */;
			path = SwapiConsumer.xcdatamodeld;
			sourceTree = "<group>";
			versionGroupType = wrapper.xcdatamodel;
		};
/* End XCVersionGroup section */
	};
	rootObject = DE569D201D09CB6700E3504B /* Project object */;
}
